# Generated by buf. DO NOT EDIT.
version: v2
deps:
  - name: buf.build/streamingfast/firehose
    commit: 9d6efa32daca4ea69d36b6a0bd1f2a72
    digest: b5:3086eb5291e95e37c48e90385521218d172225c3b73794145d0e1bc48a6851177c1323c98a519991e52107ab8b752ee51401cd76ccc7305a74edd915497618c6
  - name: buf.build/streamingfast/firehose-ethereum
    commit: c3a4f4b1e7e74154a06cab86e410793b
    digest: b5:b8efc59d6e9845e0da91fb0dff4ab476dacc74e48c4f67f70a2aaea4e79bc7870d6724e3160e06027e10ece9f485d51e107cf273ff56ef026c41937b8bed8552
